
Microsoft Visual Studio Solution File, Format Version 12.00
# Visual Studio Version 17
VisualStudioVersion = 17.5.33516.290
MinimumVisualStudioVersion = 10.0.40219.1
Project("{FAE04EC0-301F-11D3-BF4B-00C04F79EFBC}") = "SzyfrBlokowyV5.3", "SzyfrBlokowyV5.3.csproj", "{7739B028-F678-4557-8FA2-81D141D1952D}"
EndProject
Global
	GlobalSection(SolutionConfigurationPlatforms) = preSolution
		Debug|Any CPU = Debug|Any CPU
		Release|Any CPU = Release|Any CPU
	EndGlobalSection
	GlobalSection(ProjectConfigurationPlatforms) = postSolution
		{7739B028-F678-4557-8FA2-81D141D1952D}.Debug|Any CPU.ActiveCfg = Debug|Any CPU
		{7739B028-F678-4557-8FA2-81D141D1952D}.Debug|Any CPU.Build.0 = Debug|Any CPU
		{7739B028-F678-4557-8FA2-81D141D1952D}.Release|Any CPU.ActiveCfg = Release|Any CPU
		{7739B028-F678-4557-8FA2-81D141D1952D}.Release|Any CPU.Build.0 = Release|Any CPU
	EndGlobalSection
	GlobalSection(SolutionProperties) = preSolution
		HideSolutionNode = FALSE
	EndGlobalSection
	GlobalSection(ExtensibilityGlobals) = postSolution
		SolutionGuid = {14593B4E-52BA-4EA2-96AD-5943A67CB3CA}
	EndGlobalSection
EndGlobal
